
Microsoft Visual Studio Solution File, Format Version 12.00
# Visual Studio Version 16
VisualStudioVersion = 16.0.33529.622
MinimumVisualStudioVersion = 10.0.40219.1
Project("{FAE04EC0-301F-11D3-BF4B-00C04F79EFBC}") = "ITP4915M_Project", "ITP4915M_Project\ITP4915M_Project.csproj", "{05EA5BEB-2F4F-4500-8605-08E83E719706}"
EndProject
Global
	GlobalSection(SolutionConfigurationPlatforms) = preSolution
		Debug|Any CPU = Debug|Any CPU
		Release|Any CPU = Release|Any CPU
	EndGlobalSection
	GlobalSection(ProjectConfigurationPlatforms) = postSolution
		{05EA5BEB-2F4F-4500-8605-08E83E719706}.Debug|Any CPU.ActiveCfg = Debug|Any CPU
		{05EA5BEB-2F4F-4500-8605-08E83E719706}.Debug|Any CPU.Build.0 = Debug|Any CPU
		{05EA5BEB-2F4F-4500-8605-08E83E719706}.Release|Any CPU.ActiveCfg = Release|Any CPU
		{05EA5BEB-2F4F-4500-8605-08E83E719706}.Release|Any CPU.Build.0 = Release|Any CPU
	EndGlobalSection
	GlobalSection(SolutionProperties) = preSolution
		HideSolutionNode = FALSE
	EndGlobalSection
	GlobalSection(ExtensibilityGlobals) = postSolution
		SolutionGuid = {F0A3C8E6-2DBB-4BB8-9165-F38A11A90F9B}
	EndGlobalSection
EndGlobal
